PODS:
  - AVCapture (0.0.1)
  - NSGIF (1.1.1)
  - SimpleExif (0.0.1)

DEPENDENCIES:
  - AVCapture (from `git@github.com:jacobrosenthal/AVCapture.git`)
  - NSGIF (from `git@github.com:jacobrosenthal/NSGIF.git`, branch `memoryio`)
  - SimpleExif (from `git@github.com:jacobrosenthal/SimpleExif.git`, branch `memoryio`)

EXTERNAL SOURCES:
  AVCapture:
    :git: git@github.com:jacobrosenthal/AVCapture.git
  NSGIF:
    :branch: memoryio
    :git: git@github.com:jacobrosenthal/NSGIF.git
  SimpleExif:
    :branch: memoryio
    :git: git@github.com:jacobrosenthal/SimpleExif.git

CHECKOUT OPTIONS:
  AVCapture:
    :commit: 754a6b47bc63c9da23a9c127237904a39e3213cc
    :git: git@github.com:jacobrosenthal/AVCapture.git
  NSGIF:
    :commit: c4c79f2ec006614784c50a21b34572d23aa89759
    :git: git@github.com:jacobrosenthal/NSGIF.git
  SimpleExif:
    :commit: ab5a85f97677c6f4010b9da61c8e981ae62a0c79
    :git: git@github.com:jacobrosenthal/SimpleExif.git

SPEC CHECKSUMS:
  AVCapture: c626a8b76db962dfb5a444f89f87b277573bd684
  NSGIF: 04635e6fbb5fce1c79bdfd4d2de3a5fadee6043b
  SimpleExif: 066e88afee34bcf5d6c4c2905fc240f53112d419

PODFILE CHECKSUM: 5aee51139ae050f2d043d3495a128a92e09320f0

COCOAPODS: 1.0.1
